PODS:
  - Alamofire (5.5.0)
  - KakaoSDK (2.8.6):
    - KakaoSDKAuth (= 2.8.6)
    - KakaoSDKCommon (= 2.8.6)
    - KakaoSDKLink (= 2.8.6)
    - KakaoSDKNavi (= 2.8.6)
    - KakaoSDKStory (= 2.8.6)
    - KakaoSDKTalk (= 2.8.6)
    - KakaoSDKTemplate (= 2.8.6)
    - KakaoSDKUser (= 2.8.6)
  - KakaoSDKAuth (2.8.6):
    - KakaoSDKCommon (= 2.8.6)
  - KakaoSDKCommon (2.8.6):
    - KakaoSDKCommon/Common (= 2.8.6)
    - KakaoSDKCommon/Network (= 2.8.6)
  - KakaoSDKCommon/Common (2.8.6)
  - KakaoSDKCommon/Network (2.8.6):
    - Alamofire (~> 5.1)
    - KakaoSDKCommon/Common (= 2.8.6)
  - KakaoSDKLink (2.8.6):
    - KakaoSDKCommon (= 2.8.6)
    - KakaoSDKTemplate (= 2.8.6)
  - KakaoSDKNavi (2.8.6):
    - KakaoSDKCommon/Common (= 2.8.6)
  - KakaoSDKStory (2.8.6):
    - KakaoSDKUser (= 2.8.6)
  - KakaoSDKTalk (2.8.6):
    - KakaoSDKTemplate (= 2.8.6)
    - KakaoSDKUser (= 2.8.6)
  - KakaoSDKTemplate (2.8.6):
    - KakaoSDKCommon/Common (= 2.8.6)
  - KakaoSDKUser (2.8.6):
    - KakaoSDKAuth (= 2.8.6)

DEPENDENCIES:
  - KakaoSDK

SPEC REPOS:
  trunk:
    - Alamofire
    - KakaoSDK
    - KakaoSDKAuth
    - KakaoSDKCommon
    - KakaoSDKLink
    - KakaoSDKNavi
    - KakaoSDKStory
    - KakaoSDKTalk
    - KakaoSDKTemplate
    - KakaoSDKUser

SPEC CHECKSUMS:
  Alamofire: 1c4fb5369c3fe93d2857c780d8bbe09f06f97e7c
  KakaoSDK: 29ca188341fbb8994586eac73c10209f3889b574
  KakaoSDKAuth: 53e747a3bf343a3f3e87b14478d5a865d6c2acae
  KakaoSDKCommon: 7e56600ff4c1bd82bed93fea4299b5a37f47e6a5
  KakaoSDKLink: 59a6bdf7abd915aacba4c2671672ffe9654798dd
  KakaoSDKNavi: 4df155701e60822a9f4426630ae2a38328e779be
  KakaoSDKStory: afd97ece5b6b2a6d342533397654cea773954664
  KakaoSDKTalk: d5b5a21281fa370f7d273a9140e82ba54aa9531a
  KakaoSDKTemplate: 23bdcba233dce91fc948353c3b03d94f928d87d1
  KakaoSDKUser: e79480355fa789f42e628dfba359fc21e9914f4c

PODFILE CHECKSUM: 253bd082968174a72a415fc87c0bbedf3379182d

COCOAPODS: 1.11.2
